{
  "name": "@ecube-labs/koa-x-router-v0-1-adaptor-imports",
  "version": "0.1.0",
  "lockfileVersion": 3,
  "requires": true,
  "packages": {
    "": {
      "name": "@ecube-labs/koa-x-router-v0-1-adaptor-imports",
      "version": "0.1.0",
      "devDependencies": {
        "@codemod.com/jssg-types": "^1.6.2",
        "codemod": "^1.12.12",
        "typescript": "^5.9.3"
      },
      "engines": {
        "node": ">=20.19.0"
      }
    },
    "node_modules/@codemod.com/cli-darwin-arm64": {
      "version": "1.12.12",
      "resolved": "https://registry.npmjs.org/@codemod.com/cli-darwin-arm64/-/cli-darwin-arm64-1.12.12.tgz",
      "integrity": "sha512-P+F9dUzX2tivIFiqkvo0cUCD6j/WUjCF48sarK8ZYqLYvMVCdZIg7W9AylPjV3OyazgK7DjVo/Z36K5XloLk0w==",
      "cpu": [
        "arm64"
      ],
      "dev": true,
      "license": "Apache-2.0",
      "optional": true,
      "os": [
        "darwin"
      ],
      "engines": {
        "node": ">= 10"
      }
    },
    "node_modules/@codemod.com/cli-darwin-x64": {
      "version": "1.12.12",
      "resolved": "https://registry.npmjs.org/@codemod.com/cli-darwin-x64/-/cli-darwin-x64-1.12.12.tgz",
      "integrity": "sha512-m0hxDDf7fqAm4avi8uWtmVfDv4gZyR0+pRIpILHFNqgAHjdalDTq7t472uQlEWeyF5bM/QX9H5RBA7FxMJoOZg==",
      "cpu": [
        "x64"
      ],
      "dev": true,
      "license": "Apache-2.0",
      "optional": true,
      "os": [
        "darwin"
      ],
      "engines": {
        "node": ">= 10"
      }
    },
    "node_modules/@codemod.com/cli-linux-arm64-gnu": {
      "version": "1.12.12",
      "resolved": "https://registry.npmjs.org/@codemod.com/cli-linux-arm64-gnu/-/cli-linux-arm64-gnu-1.12.12.tgz",
      "integrity": "sha512-+M9l8ISNqChGXKKk4sYVmKKYQyR5oXe2cFV2DT55012rX30o3SgE2wCqG8D0r8EgkUrMXOCKrzVv5EWzP0pQqQ==",
      "cpu": [
        "arm64"
      ],
      "dev": true,
      "license": "Apache-2.0",
      "optional": true,
      "os": [
        "linux"
      ],
      "engines": {
        "node": ">= 10"
      }
    },
    "node_modules/@codemod.com/cli-linux-x64-gnu": {
      "version": "1.12.12",
      "resolved": "https://registry.npmjs.org/@codemod.com/cli-linux-x64-gnu/-/cli-linux-x64-gnu-1.12.12.tgz",
      "integrity": "sha512-YS1rTCtk6g+Z2pMKOPtmC4urxvG4m09997ti81bN+AQBDxrw62uWY51e53/UVT5wkVPQT5Sjf8cVfbwQTY9L1w==",
      "cpu": [
        "x64"
      ],
      "dev": true,
      "license": "Apache-2.0",
      "optional": true,
      "os": [
        "linux"
      ],
      "engines": {
        "node": ">= 10"
      }
    },
    "node_modules/@codemod.com/cli-win32-x64-msvc": {
      "version": "1.12.12",
      "resolved": "https://registry.npmjs.org/@codemod.com/cli-win32-x64-msvc/-/cli-win32-x64-msvc-1.12.12.tgz",
      "integrity": "sha512-YkjLaAx5F2elKIxg5/eljz6GkfGKwMPrtIt0SEEBG/kUxNgaZIwj/B1X7pTfqFAQ+AomY5RRNg/IL0RJPHNkPg==",
      "cpu": [
        "x64"
      ],
      "dev": true,
      "license": "Apache-2.0",
      "optional": true,
      "os": [
        "win32"
      ],
      "engines": {
        "node": ">= 10"
      }
    },
    "node_modules/@codemod.com/jssg-types": {
      "version": "1.6.2",
      "resolved": "https://registry.npmjs.org/@codemod.com/jssg-types/-/jssg-types-1.6.2.tgz",
      "integrity": "sha512-YnKYEwyD+wi0/ahDpsSxxutVBkOON46SrZjj7Z8w2CAAGhuMmighTM6g/MNk1GGjVUj1dULWVof5ArKLSYvnzg==",
      "dev": true,
      "license": "Apache-2.0"
    },
    "node_modules/codemod": {
      "version": "1.12.12",
      "resolved": "https://registry.npmjs.org/codemod/-/codemod-1.12.12.tgz",
      "integrity": "sha512-RYz2sWGeIT3kxT9/3V6AMkkhsgcXzdbcb2mB9LdAUPaeZ7gO4RaVoDOS/WMTgvDRbRWEQi23rDt1sgRiz3LFZw==",
      "dev": true,
      "license": "Apache-2.0",
      "dependencies": {
        "detect-libc": "^2.0.3"
      },
      "bin": {
        "codemod": "codemod"
      },
      "engines": {
        "node": ">= 16.0.0"
      },
      "optionalDependencies": {
        "@codemod.com/cli-darwin-arm64": "1.12.12",
        "@codemod.com/cli-darwin-x64": "1.12.12",
        "@codemod.com/cli-linux-arm64-gnu": "1.12.12",
        "@codemod.com/cli-linux-x64-gnu": "1.12.12",
        "@codemod.com/cli-win32-x64-msvc": "1.12.12"
      }
    },
    "node_modules/detect-libc": {
      "version": "2.1.2",
      "resolved": "https://registry.npmjs.org/detect-libc/-/detect-libc-2.1.2.tgz",
      "integrity": "sha512-Btj2BOOO83o3WyH59e8MgXsxEQVcarkUOpEYrubB0urwnN10yQ364rsiByU11nZlqWYZm05i/of7io4mzihBtQ==",
      "dev": true,
      "license": "Apache-2.0",
      "engines": {
        "node": ">=8"
      }
    },
    "node_modules/typescript": {
      "version": "5.9.3",
      "resolved": "https://registry.npmjs.org/typescript/-/typescript-5.9.3.tgz",
      "integrity": "sha512-jl1vZzPDinLr9eUt3J/t7V6FgNEw9QjvBPdysz9KfQDD41fQrC2Y4vKQdiaUpFT4bXlb1RHhLpp8wtm6M5TgSw==",
      "dev": true,
      "license": "Apache-2.0",
      "bin": {
        "tsc": "bin/tsc",
        "tsserver": "bin/tsserver"
      },
      "engines": {
        "node": ">=14.17"
      }
    }
  }
}
